// !$*UTF8*$!
{
	archiveVersion = 1;
	classes = {
	};
	objectVersion = 50;
	objects = {

/* Begin PBXBuildFile section */
		88404FA22286EF330058E91A /* AppDelegate.swift in Sources */ = {isa = PBXBuildFile; fileRef = 88404FA12286EF330058E91A /* AppDelegate.swift */; };
		88404FA42286EF330058E91A /* ViewController.swift in Sources */ = {isa = PBXBuildFile; fileRef = 88404FA32286EF330058E91A /* ViewController.swift */; };
		88404FA72286EF330058E91A /* Main.storyboard in Resources */ = {isa = PBXBuildFile; fileRef = 88404FA52286EF330058E91A /* Main.storyboard */; };
		88404FAA2286EF330058E91A /* TestCase.xcdatamodeld in Sources */ = {isa = PBXBuildFile; fileRef = 88404FA82286EF330058E91A /* TestCase.xcdatamodeld */; };
		88404FAC2286EF350058E91A /* Assets.xcassets in Resources */ = {isa = PBXBuildFile; fileRef = 88404FAB2286EF350058E91A /* Assets.xcassets */; };
		88404FAF2286EF350058E91A /* LaunchScreen.storyboard in Resources */ = {isa = PBXBuildFile; fileRef = 88404FAD2286EF350058E91A /* LaunchScreen.storyboard */; };
		88404FB92286EF7E0058E91A /* LoginViewController.swift in Sources */ = {isa = PBXBuildFile; fileRef = 88404FB62286EF7E0058E91A /* LoginViewController.swift */; };
		88404FBA2286EF7E0058E91A /* User.swift in Sources */ = {isa = PBXBuildFile; fileRef = 88404FB72286EF7E0058E91A /* User.swift */; };
		88404FBB2286EF7E0058E91A /* BotViewController.swift in Sources */ = {isa = PBXBuildFile; fileRef = 88404FB82286EF7E0058E91A /* BotViewController.swift */; };
/* End PBXBuildFile section */

/* Begin PBXFileReference section */
		88404F9E2286EF330058E91A /* TestCase.app */ = {isa = PBXFileReference; explicitFileType = wrapper.application; includeInIndex = 0; path = TestCase.app; sourceTree = BUILT_PRODUCTS_DIR; };
		88404FA12286EF330058E91A /* AppDelegate.swift */ = {isa = PBXFileReference; lastKnownFileType = sourcecode.swift; path = AppDelegate.swift; sourceTree = "<group>"; };
		88404FA32286EF330058E91A /* ViewController.swift */ = {isa = PBXFileReference; lastKnownFileType = sourcecode.swift; path = ViewController.swift; sourceTree = "<group>"; };
		88404FA62286EF330058E91A /* Base */ = {isa = PBXFileReference; lastKnownFileType = file.storyboard; name = Base; path = Base.lproj/Main.storyboard; sourceTree = "<group>"; };
		88404FA92286EF330058E91A /* TestCase.xcdatamodel */ = {isa = PBXFileReference; lastKnownFileType = wrapper.xcdatamodel; path = TestCase.xcdatamodel; sourceTree = "<group>"; };
		88404FAB2286EF350058E91A /* Assets.xcassets */ = {isa = PBXFileReference; lastKnownFileType = folder.assetcatalog; path = Assets.xcassets; sourceTree = "<group>"; };
		88404FAE2286EF350058E91A /* Base */ = {isa = PBXFileReference; lastKnownFileType = file.storyboard; name = Base; path = Base.lproj/LaunchScreen.storyboard; sourceTree = "<group>"; };
		88404FB02286EF350058E91A /* Info.plist */ = {isa = PBXFileReference; lastKnownFileType = text.plist.xml; path = Info.plist; sourceTree = "<group>"; };
		88404FB62286EF7E0058E91A /* LoginViewController.swift */ = {isa = PBXFileReference; fileEncoding = 4; lastKnownFileType = sourcecode.swift; path = LoginViewController.swift; sourceTree = "<group>"; };
		88404FB72286EF7E0058E91A /* User.swift */ = {isa = PBXFileReference; fileEncoding = 4; lastKnownFileType = sourcecode.swift; path = User.swift; sourceTree = "<group>"; };
		88404FB82286EF7E0058E91A /* BotViewController.swift */ = {isa = PBXFileReference; fileEncoding = 4; lastKnownFileType = sourcecode.swift; path = BotViewController.swift; sourceTree = "<group>"; };
/* End PBXFileReference section */

/* Begin PBXFrameworksBuildPhase section */
		88404F9B2286EF330058E91A /* Frameworks */ = {
			isa = PBXFrameworksBuildPhase;
			buildActionMask = 2147483647;
			files = (
			);
			runOnlyForDeploymentPostprocessing = 0;
		};
/* End PBXFrameworksBuildPhase section */

/* Begin PBXGroup section */
		88404F952286EF330058E91A = {
			isa = PBXGroup;
			children = (
				88404FA02286EF330058E91A /* TestCase */,
				88404F9F2286EF330058E91A /* Products */,
			);
			sourceTree = "<group>";
		};
		88404F9F2286EF330058E91A /* Products */ = {
			isa = PBXGroup;
			children = (
				88404F9E2286EF330058E91A /* TestCase.app */,
			);
			name = Products;
			sourceTree = "<group>";
		};
		88404FA02286EF330058E91A /* TestCase */ = {
			isa = PBXGroup;
			children = (
				88404FA12286EF330058E91A /* AppDelegate.swift */,
				88404FA32286EF330058E91A /* ViewController.swift */,
				88404FB82286EF7E0058E91A /* BotViewController.swift */,
				88404FB62286EF7E0058E91A /* LoginViewController.swift */,
				88404FB72286EF7E0058E91A /* User.swift */,
				88404FA52286EF330058E91A /* Main.storyboard */,
				88404FAB2286EF350058E91A /* Assets.xcassets */,
				88404FAD2286EF350058E91A /* LaunchScreen.storyboard */,
				88404FB02286EF350058E91A /* Info.plist */,
				88404FA82286EF330058E91A /* TestCase.xcdatamodeld */,
			);
			path = TestCase;
			sourceTree = "<group>";
		};
/* End PBXGroup section */

/* Begin PBXNativeTarget section */
		88404F9D2286EF330058E91A /* TestCase */ = {
			isa = PBXNativeTarget;
			buildConfigurationList = 88404FB32286EF350058E91A /* Build configuration list for PBXNativeTarget "TestCase" */;
			buildPhases = (
				88404F9A2286EF330058E91A /* Sources */,
				88404F9B2286EF330058E91A /* Frameworks */,
				88404F9C2286EF330058E91A /* Resources */,
			);
			buildRules = (
			);
			dependencies = (
			);
			name = TestCase;
			productName = TestCase;
			productReference = 88404F9E2286EF330058E91A /* TestCase.app */;
			productType = "com.apple.product-type.application";
		};
/* End PBXNativeTarget section */

/* Begin PBXProject section */
		88404F962286EF330058E91A /* Project object */ = {
			isa = PBXProject;
			attributes = {
				LastSwiftUpdateCheck = 1020;
				LastUpgradeCheck = 1020;
				ORGANIZATIONNAME = "Omar Al tawashi";
				TargetAttributes = {
					88404F9D2286EF330058E91A = {
						CreatedOnToolsVersion = 10.2.1;
					};
				};
			};
			buildConfigurationList = 88404F992286EF330058E91A /* Build configuration list for PBXProject "TestCase" */;
			compatibilityVersion = "Xcode 9.3";
			developmentRegion = en;
			hasScannedForEncodings = 0;
			knownRegions = (
				en,
				Base,
			);
			mainGroup = 88404F952286EF330058E91A;
			productRefGroup = 88404F9F2286EF330058E91A /* Products */;
			projectDirPath = "";
			projectRoot = "";
			targets = (
				88404F9D2286EF330058E91A /* TestCase */,
			);
		};
/* End PBXProject section */

/* Begin PBXResourcesBuildPhase section */
		88404F9C2286EF330058E91A /* Resources */ = {
			isa = PBXResourcesBuildPhase;
			buildActionMask = 2147483647;
			files = (
				88404FAF2286EF350058E91A /* LaunchScreen.storyboard in Resources */,
				88404FAC2286EF350058E91A /* Assets.xcassets in Resources */,
				88404FA72286EF330058E91A /* Main.storyboard in Resources */,
			);
			runOnlyForDeploymentPostprocessing = 0;
		};
/* End PBXResourcesBuildPhase section */

/* Begin PBXSourcesBuildPhase section */
		88404F9A2286EF330058E91A /* Sources */ = {
			isa = PBXSourcesBuildPhase;
			buildActionMask = 2147483647;
			files = (
				88404FB92286EF7E0058E91A /* LoginViewController.swift in Sources */,
				88404FAA2286EF330058E91A /* TestCase.xcdatamodeld in Sources */,
				88404FBB2286EF7E0058E91A /* BotViewController.swift in Sources */,
				88404FA42286EF330058E91A /* ViewController.swift in Sources */,
				88404FBA2286EF7E0058E91A /* User.swift in Sources */,
				88404FA22286EF330058E91A /* AppDelegate.swift in Sources */,
			);
			runOnlyForDeploymentPostprocessing = 0;
		};
/* End PBXSourcesBuildPhase section */

/* Begin PBXVariantGroup section */
		88404FA52286EF330058E91A /* Main.storyboard */ = {
			isa = PBXVariantGroup;
			children = (
				88404FA62286EF330058E91A /* Base */,
			);
			name = Main.storyboard;
			sourceTree = "<group>";
		};
		88404FAD2286EF350058E91A /* LaunchScreen.storyboard */ = {
			isa = PBXVariantGroup;
			children = (
				88404FAE2286EF350058E91A /* Base */,
			);
			name = LaunchScreen.storyboard;
			sourceTree = "<group>";
		};
/* End PBXVariantGroup section */

/* Begin XCBuildConfiguration section */
		88404FB12286EF350058E91A /* Debug */ = {
			isa = XCBuildConfiguration;
			buildSettings = {
				ALWAYS_SEARCH_USER_PATHS = NO;
				CLANG_ANALYZER_NONNULL = YES;
				CLANG_ANALYZER_NUMBER_OBJECT_CONVERSION = YES_AGGRESSIVE;
				CLANG_CXX_LANGUAGE_STANDARD = "gnu++14";
				CLANG_CXX_LIBRARY = "libc++";
				CLANG_ENABLE_MODULES = YES;
				CLANG_ENABLE_OBJC_ARC = YES;
				CLANG_ENABLE_OBJC_WEAK = YES;
				CLANG_WARN_BLOCK_CAPTURE_AUTORELEASING = YES;
				CLANG_WARN_BOOL_CONVERSION = YES;
				CLANG_WARN_COMMA = YES;
				CLANG_WARN_CONSTANT_CONVERSION = YES;
				CLANG_WARN_DEPRECATED_OBJC_IMPLEMENTATIONS = YES;
				CLANG_WARN_DIRECT_OBJC_ISA_USAGE = YES_ERROR;
				CLANG_WARN_DOCUMENTATION_COMMENTS = YES;
				CLANG_WARN_EMPTY_BODY = YES;
				CLANG_WARN_ENUM_CONVERSION = YES;
				CLANG_WARN_INFINITE_RECURSION = YES;
				CLANG_WARN_INT_CONVERSION = YES;
				CLANG_WARN_NON_LITERAL_NULL_CONVERSION = YES;
				CLANG_WARN_OBJC_IMPLICIT_RETAIN_SELF = YES;
				CLANG_WARN_OBJC_LITERAL_CONVERSION = YES;
				CLANG_WARN_OBJC_ROOT_CLASS = YES_ERROR;
				CLANG_WARN_RANGE_LOOP_ANALYSIS = YES;
				CLANG_WARN_STRICT_PROTOTYPES = YES;
				CLANG_WARN_SUSPICIOUS_MOVE = YES;
				CLANG_WARN_UNGUARDED_AVAILABILITY = YES_AGGRESSIVE;
				CLANG_WARN_UNREACHABLE_CODE = YES;
				CLANG_WARN__DUPLICATE_METHOD_MATCH = YES;
				CODE_SIGN_IDENTITY = "iPhone Developer";
				COPY_PHASE_STRIP = NO;
				DEBUG_INFORMATION_FORMAT = dwarf;
				ENABLE_STRICT_OBJC_MSGSEND = YES;
				ENABLE_TESTABILITY = YES;
				GCC_C_LANGUAGE_STANDARD = gnu11;
				GCC_DYNAMIC_NO_PIC = NO;
				GCC_NO_COMMON_BLOCKS = YES;
				GCC_OPTIMIZATION_LEVEL = 0;
				GCC_PREPROCESSOR_DEFINITIONS = (
					"DEBUG=1",
					"$(inherited)",
				);
				GCC_WARN_64_TO_32_BIT_CONVERSION = YES;
				GCC_WARN_ABOUT_RETURN_TYPE = YES_ERROR;
				GCC_WARN_UNDECLARED_SELECTOR = YES;
				GCC_WARN_UNINITIALIZED_AUTOS = YES_AGGRESSIVE;
				GCC_WARN_UNUSED_FUNCTION = YES;
				GCC_WARN_UNUSED_VARIABLE = YES;
				IPHONEOS_DEPLOYMENT_TARGET = 12.2;
				MTL_ENABLE_DEBUG_INFO = INCLUDE_SOURCE;
				MTL_FAST_MATH = YES;
				ONLY_ACTIVE_ARCH = YES;
				SDKROOT = iphoneos;
				SWIFT_ACTIVE_COMPILATION_CONDITIONS = DEBUG;
				SWIFT_OPTIMIZATION_LEVEL = "-Onone";
			};
			name = Debug;
		};
		88404FB22286EF350058E91A /* Release */ = {
			isa = XCBuildConfiguration;
			buildSettings = {
				ALWAYS_SEARCH_USER_PATHS = NO;
				CLANG_ANALYZER_NONNULL = YES;
				CLANG_ANALYZER_NUMBER_OBJECT_CONVERSION = YES_AGGRESSIVE;
				CLANG_CXX_LANGUAGE_STANDARD = "gnu++14";
				CLANG_CXX_LIBRARY = "libc++";
				CLANG_ENABLE_MODULES = YES;
				CLANG_ENABLE_OBJC_ARC = YES;
				CLANG_ENABLE_OBJC_WEAK = YES;
				CLANG_WARN_BLOCK_CAPTURE_AUTORELEASING = YES;
				CLANG_WARN_BOOL_CONVERSION = YES;
				CLANG_WARN_COMMA = YES;
				CLANG_WARN_CONSTANT_CONVERSION = YES;
				CLANG_WARN_DEPRECATED_OBJC_IMPLEMENTATIONS = YES;
				CLANG_WARN_DIRECT_OBJC_ISA_USAGE = YES_ERROR;
				CLANG_WARN_DOCUMENTATION_COMMENTS = YES;
				CLANG_WARN_EMPTY_BODY = YES;
				CLANG_WARN_ENUM_CONVERSION = YES;
				CLANG_WARN_INFINITE_RECURSION = YES;
				CLANG_WARN_INT_CONVERSION = YES;
				CLANG_WARN_NON_LITERAL_NULL_CONVERSION = YES;
				CLANG_WARN_OBJC_IMPLICIT_RETAIN_SELF = YES;
				CLANG_WARN_OBJC_LITERAL_CONVERSION = YES;
				CLANG_WARN_OBJC_ROOT_CLASS = YES_ERROR;
				CLANG_WARN_RANGE_LOOP_ANALYSIS = YES;
				CLANG_WARN_STRICT_PROTOTYPES = YES;
				CLANG_WARN_SUSPICIOUS_MOVE = YES;
				CLANG_WARN_UNGUARDED_AVAILABILITY = YES_AGGRESSIVE;
				CLANG_WARN_UNREACHABLE_CODE = YES;
				CLANG_WARN__DUPLICATE_METHOD_MATCH = YES;
				CODE_SIGN_IDENTITY = "iPhone Developer";
				COPY_PHASE_STRIP = NO;
				DEBUG_INFORMATION_FORMAT = "dwarf-with-dsym";
				ENABLE_NS_ASSERTIONS = NO;
				ENABLE_STRICT_OBJC_MSGSEND = YES;
				GCC_C_LANGUAGE_STANDARD = gnu11;
				GCC_NO_COMMON_BLOCKS = YES;
				GCC_WARN_64_TO_32_BIT_CONVERSION = YES;
				GCC_WARN_ABOUT_RETURN_TYPE = YES_ERROR;
				GCC_WARN_UNDECLARED_SELECTOR = YES;
				GCC_WARN_UNINITIALIZED_AUTOS = YES_AGGRESSIVE;
				GCC_WARN_UNUSED_FUNCTION = YES;
				GCC_WARN_UNUSED_VARIABLE = YES;
				IPHONEOS_DEPLOYMENT_TARGET = 12.2;
				MTL_ENABLE_DEBUG_INFO = NO;
				MTL_FAST_MATH = YES;
				SDKROOT = iphoneos;
				SWIFT_COMPILATION_MODE = wholemodule;
				SWIFT_OPTIMIZATION_LEVEL = "-O";
				VALIDATE_PRODUCT = YES;
			};
			name = Release;
		};
		88404FB42286EF350058E91A /* Debug */ = {
			isa = XCBuildConfiguration;
			buildSettings = {
				ASSETCATALOG_COMPILER_APPICON_NAME = AppIcon;
				CODE_SIGN_STYLE = Automatic;
				DEVELOPMENT_TEAM = 6GGZANY9SS;
				INFOPLIST_FILE = TestCase/Info.plist;
				LD_RUNPATH_SEARCH_PATHS = (
					"$(inherited)",
					"@executable_path/Frameworks",
				);
				PRODUCT_BUNDLE_IDENTIFIER = com.TestCase;
				PRODUCT_NAME = "$(TARGET_NAME)";
				SWIFT_VERSION = 5.0;
				TARGETED_DEVICE_FAMILY = "1,2";
			};
			name = Debug;
		};
		88404FB52286EF350058E91A /* Release */ = {
			isa = XCBuildConfiguration;
			buildSettings = {
				ASSETCATALOG_COMPILER_APPICON_NAME = AppIcon;
				CODE_SIGN_STYLE = Automatic;
				DEVELOPMENT_TEAM = 6GGZANY9SS;
				INFOPLIST_FILE = TestCase/Info.plist;
				LD_RUNPATH_SEARCH_PATHS = (
					"$(inherited)",
					"@executable_path/Frameworks",
				);
				PRODUCT_BUNDLE_IDENTIFIER = com.TestCase;
				PRODUCT_NAME = "$(TARGET_NAME)";
				SWIFT_VERSION = 5.0;
				TARGETED_DEVICE_FAMILY = "1,2";
			};
			name = Release;
		};
/* End XCBuildConfiguration section */

/* Begin XCConfigurationList section */
		88404F992286EF330058E91A /* Build configuration list for PBXProject "TestCase" */ = {
			isa = XCConfigurationList;
			buildConfigurations = (
				88404FB12286EF350058E91A /* Debug */,
				88404FB22286EF350058E91A /* Release */,
			);
			defaultConfigurationIsVisible = 0;
			defaultConfigurationName = Release;
		};
		88404FB32286EF350058E91A /* Build configuration list for PBXNativeTarget "TestCase" */ = {
			isa = XCConfigurationList;
			buildConfigurations = (
				88404FB42286EF350058E91A /* Debug */,
				88404FB52286EF350058E91A /* Release */,
			);
			defaultConfigurationIsVisible = 0;
			defaultConfigurationName = Release;
		};
/* End XCConfigurationList section */

/* Begin XCVersionGroup section */
		88404FA82286EF330058E91A /* TestCase.xcdatamodeld */ = {
			isa = XCVersionGroup;
			children = (
				88404FA92286EF330058E91A /* TestCase.xcdatamodel */,
			);
			currentVersion = 88404FA92286EF330058E91A /* TestCase.xcdatamodel */;
			path = TestCase.xcdatamodeld;
			sourceTree = "<group>";
			versionGroupType = wrapper.xcdatamodel;
		};
/* End XCVersionGroup section */
	};
	rootObject = 88404F962286EF330058E91A /* Project object */;
}
